// !$*UTF8*$!
{
	archiveVersion = 1;
	classes = {
	};
	objectVersion = 56;
	objects = {

/* Begin PBXBuildFile section */
		8995E14F2C938F0600E7D8D5 /* ScrumdingerApp.swift in Sources */ = {isa = PBXBuildFile; fileRef = 8995E14E2C938F0600E7D8D5 /* ScrumdingerApp.swift */; };
		8995E1512C938F0600E7D8D5 /* MeetingView.swift in Sources */ = {isa = PBXBuildFile; fileRef = 8995E1502C938F0600E7D8D5 /* MeetingView.swift */; };
		8995E1532C938F0700E7D8D5 /* Assets.xcassets in Resources */ = {isa = PBXBuildFile; fileRef = 8995E1522C938F0700E7D8D5 /* Assets.xcassets */; };
		8995E1562C938F0700E7D8D5 /* Preview Assets.xcassets in Resources */ = {isa = PBXBuildFile; fileRef = 8995E1552C938F0700E7D8D5 /* Preview Assets.xcassets */; };
		8995E15E2C939C5D00E7D8D5 /* Theme.swift in Sources */ = {isa = PBXBuildFile; fileRef = 8995E15D2C939C5D00E7D8D5 /* Theme.swift */; };
		8995E1602C939F4C00E7D8D5 /* DailyScrum.swift in Sources */ = {isa = PBXBuildFile; fileRef = 8995E15F2C939F4C00E7D8D5 /* DailyScrum.swift */; };
		8995E1622C93A00800E7D8D5 /* CardView.swift in Sources */ = {isa = PBXBuildFile; fileRef = 8995E1612C93A00800E7D8D5 /* CardView.swift */; };
		8995E1642C9A015400E7D8D5 /* TrailingIconLabelStyle.swift in Sources */ = {isa = PBXBuildFile; fileRef = 8995E1632C9A015400E7D8D5 /* TrailingIconLabelStyle.swift */; };
		8995E1662C9A070600E7D8D5 /* ScrumsView.swift in Sources */ = {isa = PBXBuildFile; fileRef = 8995E1652C9A070600E7D8D5 /* ScrumsView.swift */; };
		8995E1682C9A0E3A00E7D8D5 /* DetailView.swift in Sources */ = {isa = PBXBuildFile; fileRef = 8995E1672C9A0E3A00E7D8D5 /* DetailView.swift */; };
/* End PBXBuildFile section */

/* Begin PBXFileReference section */
		8995E14B2C938F0600E7D8D5 /* Scrumdinger.app */ = {isa = PBXFileReference; explicitFileType = wrapper.application; includeInIndex = 0; path = Scrumdinger.app; sourceTree = BUILT_PRODUCTS_DIR; };
		8995E14E2C938F0600E7D8D5 /* ScrumdingerApp.swift */ = {isa = PBXFileReference; lastKnownFileType = sourcecode.swift; path = ScrumdingerApp.swift; sourceTree = "<group>"; };
		8995E1502C938F0600E7D8D5 /* MeetingView.swift */ = {isa = PBXFileReference; lastKnownFileType = sourcecode.swift; path = MeetingView.swift; sourceTree = "<group>"; };
		8995E1522C938F0700E7D8D5 /* Assets.xcassets */ = {isa = PBXFileReference; lastKnownFileType = folder.assetcatalog; path = Assets.xcassets; sourceTree = "<group>"; };
		8995E1552C938F0700E7D8D5 /* Preview Assets.xcassets */ = {isa = PBXFileReference; lastKnownFileType = folder.assetcatalog; path = "Preview Assets.xcassets"; sourceTree = "<group>"; };
		8995E15D2C939C5D00E7D8D5 /* Theme.swift */ = {isa = PBXFileReference; lastKnownFileType = sourcecode.swift; path = Theme.swift; sourceTree = "<group>"; };
		8995E15F2C939F4C00E7D8D5 /* DailyScrum.swift */ = {isa = PBXFileReference; lastKnownFileType = sourcecode.swift; path = DailyScrum.swift; sourceTree = "<group>"; };
		8995E1612C93A00800E7D8D5 /* CardView.swift */ = {isa = PBXFileReference; lastKnownFileType = sourcecode.swift; path = CardView.swift; sourceTree = "<group>"; };
		8995E1632C9A015400E7D8D5 /* TrailingIconLabelStyle.swift */ = {isa = PBXFileReference; lastKnownFileType = sourcecode.swift; path = TrailingIconLabelStyle.swift; sourceTree = "<group>"; };
		8995E1652C9A070600E7D8D5 /* ScrumsView.swift */ = {isa = PBXFileReference; lastKnownFileType = sourcecode.swift; path = ScrumsView.swift; sourceTree = "<group>"; };
		8995E1672C9A0E3A00E7D8D5 /* DetailView.swift */ = {isa = PBXFileReference; lastKnownFileType = sourcecode.swift; path = DetailView.swift; sourceTree = "<group>"; };
/* End PBXFileReference section */

/* Begin PBXFrameworksBuildPhase section */
		8995E1482C938F0600E7D8D5 /* Frameworks */ = {
			isa = PBXFrameworksBuildPhase;
			buildActionMask = 2147483647;
			files = (
			);
			runOnlyForDeploymentPostprocessing = 0;
		};
/* End PBXFrameworksBuildPhase section */

/* Begin PBXGroup section */
		8995E1422C938F0600E7D8D5 = {
			isa = PBXGroup;
			children = (
				8995E14D2C938F0600E7D8D5 /* Scrumdinger */,
				8995E14C2C938F0600E7D8D5 /* Products */,
			);
			sourceTree = "<group>";
		};
		8995E14C2C938F0600E7D8D5 /* Products */ = {
			isa = PBXGroup;
			children = (
				8995E14B2C938F0600E7D8D5 /* Scrumdinger.app */,
			);
			name = Products;
			sourceTree = "<group>";
		};
		8995E14D2C938F0600E7D8D5 /* Scrumdinger */ = {
			isa = PBXGroup;
			children = (
				8995E15C2C939C4F00E7D8D5 /* Model */,
				8995E14E2C938F0600E7D8D5 /* ScrumdingerApp.swift */,
				8995E1502C938F0600E7D8D5 /* MeetingView.swift */,
				8995E1612C93A00800E7D8D5 /* CardView.swift */,
				8995E1652C9A070600E7D8D5 /* ScrumsView.swift */,
				8995E1672C9A0E3A00E7D8D5 /* DetailView.swift */,
				8995E1632C9A015400E7D8D5 /* TrailingIconLabelStyle.swift */,
				8995E1522C938F0700E7D8D5 /* Assets.xcassets */,
				8995E1542C938F0700E7D8D5 /* Preview Content */,
			);
			path = Scrumdinger;
			sourceTree = "<group>";
		};
		8995E1542C938F0700E7D8D5 /* Preview Content */ = {
			isa = PBXGroup;
			children = (
				8995E1552C938F0700E7D8D5 /* Preview Assets.xcassets */,
			);
			path = "Preview Content";
			sourceTree = "<group>";
		};
		8995E15C2C939C4F00E7D8D5 /* Model */ = {
			isa = PBXGroup;
			children = (
				8995E15D2C939C5D00E7D8D5 /* Theme.swift */,
				8995E15F2C939F4C00E7D8D5 /* DailyScrum.swift */,
			);
			path = Model;
			sourceTree = "<group>";
		};
/* End PBXGroup section */

/* Begin PBXNativeTarget section */
		8995E14A2C938F0600E7D8D5 /* Scrumdinger */ = {
			isa = PBXNativeTarget;
			buildConfigurationList = 8995E1592C938F0700E7D8D5 /* Build configuration list for PBXNativeTarget "Scrumdinger" */;
			buildPhases = (
				8995E1472C938F0600E7D8D5 /* Sources */,
				8995E1482C938F0600E7D8D5 /* Frameworks */,
				8995E1492C938F0600E7D8D5 /* Resources */,
			);
			buildRules = (
			);
			dependencies = (
			);
			name = Scrumdinger;
			productName = Scrumdinger;
			productReference = 8995E14B2C938F0600E7D8D5 /* Scrumdinger.app */;
			productType = "com.apple.product-type.application";
		};
/* End PBXNativeTarget section */

/* Begin PBXProject section */
		8995E1432C938F0600E7D8D5 /* Project object */ = {
			isa = PBXProject;
			attributes = {
				BuildIndependentTargetsInParallel = 1;
				LastSwiftUpdateCheck = 1540;
				LastUpgradeCheck = 1540;
				TargetAttributes = {
					8995E14A2C938F0600E7D8D5 = {
						CreatedOnToolsVersion = 15.4;
					};
				};
			};
			buildConfigurationList = 8995E1462C938F0600E7D8D5 /* Build configuration list for PBXProject "Scrumdinger" */;
			compatibilityVersion = "Xcode 14.0";
			developmentRegion = en;
			hasScannedForEncodings = 0;
			knownRegions = (
				en,
				Base,
			);
			mainGroup = 8995E1422C938F0600E7D8D5;
			productRefGroup = 8995E14C2C938F0600E7D8D5 /* Products */;
			projectDirPath = "";
			projectRoot = "";
			targets = (
				8995E14A2C938F0600E7D8D5 /* Scrumdinger */,
			);
		};
/* End PBXProject section */

/* Begin PBXResourcesBuildPhase section */
		8995E1492C938F0600E7D8D5 /* Resources */ = {
			isa = PBXResourcesBuildPhase;
			buildActionMask = 2147483647;
			files = (
				8995E1562C938F0700E7D8D5 /* Preview Assets.xcassets in Resources */,
				8995E1532C938F0700E7D8D5 /* Assets.xcassets in Resources */,
			);
			runOnlyForDeploymentPostprocessing = 0;
		};
/* End PBXResourcesBuildPhase section */

/* Begin PBXSourcesBuildPhase section */
		8995E1472C938F0600E7D8D5 /* Sources */ = {
			isa = PBXSourcesBuildPhase;
			buildActionMask = 2147483647;
			files = (
				8995E1602C939F4C00E7D8D5 /* DailyScrum.swift in Sources */,
				8995E1682C9A0E3A00E7D8D5 /* DetailView.swift in Sources */,
				8995E1642C9A015400E7D8D5 /* TrailingIconLabelStyle.swift in Sources */,
				8995E15E2C939C5D00E7D8D5 /* Theme.swift in Sources */,
				8995E1662C9A070600E7D8D5 /* ScrumsView.swift in Sources */,
				8995E1512C938F0600E7D8D5 /* MeetingView.swift in Sources */,
				8995E14F2C938F0600E7D8D5 /* ScrumdingerApp.swift in Sources */,
				8995E1622C93A00800E7D8D5 /* CardView.swift in Sources */,
			);
			runOnlyForDeploymentPostprocessing = 0;
		};
/* End PBXSourcesBuildPhase section */

/* Begin XCBuildConfiguration section */
		8995E1572C938F0700E7D8D5 /* Debug */ = {
			isa = XCBuildConfiguration;
			buildSettings = {
				ALWAYS_SEARCH_USER_PATHS = NO;
				ASSETCATALOG_COMPILER_GENERATE_SWIFT_ASSET_SYMBOL_EXTENSIONS = YES;
				CLANG_ANALYZER_NONNULL = YES;
				CLANG_ANALYZER_NUMBER_OBJECT_CONVERSION = YES_AGGRESSIVE;
				CLANG_CXX_LANGUAGE_STANDARD = "gnu++20";
				CLANG_ENABLE_MODULES = YES;
				CLANG_ENABLE_OBJC_ARC = YES;
				CLANG_ENABLE_OBJC_WEAK = YES;
				CLANG_WARN_BLOCK_CAPTURE_AUTORELEASING = YES;
				CLANG_WARN_BOOL_CONVERSION = YES;
				CLANG_WARN_COMMA = YES;
				CLANG_WARN_CONSTANT_CONVERSION = YES;
				CLANG_WARN_DEPRECATED_OBJC_IMPLEMENTATIONS = YES;
				CLANG_WARN_DIRECT_OBJC_ISA_USAGE = YES_ERROR;
				CLANG_WARN_DOCUMENTATION_COMMENTS = YES;
				CLANG_WARN_EMPTY_BODY = YES;
				CLANG_WARN_ENUM_CONVERSION = YES;
				CLANG_WARN_INFINITE_RECURSION = YES;
				CLANG_WARN_INT_CONVERSION = YES;
				CLANG_WARN_NON_LITERAL_NULL_CONVERSION = YES;
				CLANG_WARN_OBJC_IMPLICIT_RETAIN_SELF = YES;
				CLANG_WARN_OBJC_LITERAL_CONVERSION = YES;
				CLANG_WARN_OBJC_ROOT_CLASS = YES_ERROR;
				CLANG_WARN_QUOTED_INCLUDE_IN_FRAMEWORK_HEADER = YES;
				CLANG_WARN_RANGE_LOOP_ANALYSIS = YES;
				CLANG_WARN_STRICT_PROTOTYPES = YES;
				CLANG_WARN_SUSPICIOUS_MOVE = YES;
				CLANG_WARN_UNGUARDED_AVAILABILITY = YES_AGGRESSIVE;
				CLANG_WARN_UNREACHABLE_CODE = YES;
				CLANG_WARN__DUPLICATE_METHOD_MATCH = YES;
				COPY_PHASE_STRIP = NO;
				DEBUG_INFORMATION_FORMAT = dwarf;
				ENABLE_STRICT_OBJC_MSGSEND = YES;
				ENABLE_TESTABILITY = YES;
				ENABLE_USER_SCRIPT_SANDBOXING = YES;
				GCC_C_LANGUAGE_STANDARD = gnu17;
				GCC_DYNAMIC_NO_PIC = NO;
				GCC_NO_COMMON_BLOCKS = YES;
				GCC_OPTIMIZATION_LEVEL = 0;
				GCC_PREPROCESSOR_DEFINITIONS = (
					"DEBUG=1",
					"$(inherited)",
				);
				GCC_WARN_64_TO_32_BIT_CONVERSION = YES;
				GCC_WARN_ABOUT_RETURN_TYPE = YES_ERROR;
				GCC_WARN_UNDECLARED_SELECTOR = YES;
				GCC_WARN_UNINITIALIZED_AUTOS = YES_AGGRESSIVE;
				GCC_WARN_UNUSED_FUNCTION = YES;
				GCC_WARN_UNUSED_VARIABLE = YES;
				IPHONEOS_DEPLOYMENT_TARGET = 17.5;
				LOCALIZATION_PREFERS_STRING_CATALOGS = YES;
				MTL_ENABLE_DEBUG_INFO = INCLUDE_SOURCE;
				MTL_FAST_MATH = YES;
				ONLY_ACTIVE_ARCH = YES;
				SDKROOT = iphoneos;
				SWIFT_ACTIVE_COMPILATION_CONDITIONS = "DEBUG $(inherited)";
				SWIFT_OPTIMIZATION_LEVEL = "-Onone";
			};
			name = Debug;
		};
		8995E1582C938F0700E7D8D5 /* Release */ = {
			isa = XCBuildConfiguration;
			buildSettings = {
				ALWAYS_SEARCH_USER_PATHS = NO;
				ASSETCATALOG_COMPILER_GENERATE_SWIFT_ASSET_SYMBOL_EXTENSIONS = YES;
				CLANG_ANALYZER_NONNULL = YES;
				CLANG_ANALYZER_NUMBER_OBJECT_CONVERSION = YES_AGGRESSIVE;
				CLANG_CXX_LANGUAGE_STANDARD = "gnu++20";
				CLANG_ENABLE_MODULES = YES;
				CLANG_ENABLE_OBJC_ARC = YES;
				CLANG_ENABLE_OBJC_WEAK = YES;
				CLANG_WARN_BLOCK_CAPTURE_AUTORELEASING = YES;
				CLANG_WARN_BOOL_CONVERSION = YES;
				CLANG_WARN_COMMA = YES;
				CLANG_WARN_CONSTANT_CONVERSION = YES;
				CLANG_WARN_DEPRECATED_OBJC_IMPLEMENTATIONS = YES;
				CLANG_WARN_DIRECT_OBJC_ISA_USAGE = YES_ERROR;
				CLANG_WARN_DOCUMENTATION_COMMENTS = YES;
				CLANG_WARN_EMPTY_BODY = YES;
				CLANG_WARN_ENUM_CONVERSION = YES;
				CLANG_WARN_INFINITE_RECURSION = YES;
				CLANG_WARN_INT_CONVERSION = YES;
				CLANG_WARN_NON_LITERAL_NULL_CONVERSION = YES;
				CLANG_WARN_OBJC_IMPLICIT_RETAIN_SELF = YES;
				CLANG_WARN_OBJC_LITERAL_CONVERSION = YES;
				CLANG_WARN_OBJC_ROOT_CLASS = YES_ERROR;
				CLANG_WARN_QUOTED_INCLUDE_IN_FRAMEWORK_HEADER = YES;
				CLANG_WARN_RANGE_LOOP_ANALYSIS = YES;
				CLANG_WARN_STRICT_PROTOTYPES = YES;
				CLANG_WARN_SUSPICIOUS_MOVE = YES;
				CLANG_WARN_UNGUARDED_AVAILABILITY = YES_AGGRESSIVE;
				CLANG_WARN_UNREACHABLE_CODE = YES;
				CLANG_WARN__DUPLICATE_METHOD_MATCH = YES;
				COPY_PHASE_STRIP = NO;
				DEBUG_INFORMATION_FORMAT = "dwarf-with-dsym";
				ENABLE_NS_ASSERTIONS = NO;
				ENABLE_STRICT_OBJC_MSGSEND = YES;
				ENABLE_USER_SCRIPT_SANDBOXING = YES;
				GCC_C_LANGUAGE_STANDARD = gnu17;
				GCC_NO_COMMON_BLOCKS = YES;
				GCC_WARN_64_TO_32_BIT_CONVERSION = YES;
				GCC_WARN_ABOUT_RETURN_TYPE = YES_ERROR;
				GCC_WARN_UNDECLARED_SELECTOR = YES;
				GCC_WARN_UNINITIALIZED_AUTOS = YES_AGGRESSIVE;
				GCC_WARN_UNUSED_FUNCTION = YES;
				GCC_WARN_UNUSED_VARIABLE = YES;
				IPHONEOS_DEPLOYMENT_TARGET = 17.5;
				LOCALIZATION_PREFERS_STRING_CATALOGS = YES;
				MTL_ENABLE_DEBUG_INFO = NO;
				MTL_FAST_MATH = YES;
				SDKROOT = iphoneos;
				SWIFT_COMPILATION_MODE = wholemodule;
				VALIDATE_PRODUCT = YES;
			};
			name = Release;
		};
		8995E15A2C938F0700E7D8D5 /* Debug */ = {
			isa = XCBuildConfiguration;
			buildSettings = {
				ASSETCATALOG_COMPILER_APPICON_NAME = AppIcon;
				ASSETCATALOG_COMPILER_GLOBAL_ACCENT_COLOR_NAME = AccentColor;
				CODE_SIGN_STYLE = Automatic;
				CURRENT_PROJECT_VERSION = 1;
				DEVELOPMENT_ASSET_PATHS = "\"Scrumdinger/Preview Content\"";
				DEVELOPMENT_TEAM = Y5T6H54U42;
				ENABLE_PREVIEWS = YES;
				GENERATE_INFOPLIST_FILE = YES;
				INFOPLIST_KEY_UIApplicationSceneManifest_Generation = YES;
				INFOPLIST_KEY_UIApplicationSupportsIndirectInputEvents = YES;
				INFOPLIST_KEY_UILaunchScreen_Generation = YES;
				INFOPLIST_KEY_UISupportedInterfaceOrientations_iPad = "UIInterfaceOrientationPortrait UIInterfaceOrientationPortraitUpsideDown UIInterfaceOrientationLandscapeLeft UIInterfaceOrientationLandscapeRight";
				INFOPLIST_KEY_UISupportedInterfaceOrientations_iPhone = "UIInterfaceOrientationPortrait UIInterfaceOrientationLandscapeLeft UIInterfaceOrientationLandscapeRight";
				LD_RUNPATH_SEARCH_PATHS = (
					"$(inherited)",
					"@executable_path/Frameworks",
				);
				MARKETING_VERSION = 1.0;
				PRODUCT_BUNDLE_IDENTIFIER = com.mhelmeck.Scrumdinger;
				PRODUCT_NAME = "$(TARGET_NAME)";
				SWIFT_EMIT_LOC_STRINGS = YES;
				SWIFT_VERSION = 5.0;
				TARGETED_DEVICE_FAMILY = "1,2";
			};
			name = Debug;
		};
		8995E15B2C938F0700E7D8D5 /* Release */ = {
			isa = XCBuildConfiguration;
			buildSettings = {
				ASSETCATALOG_COMPILER_APPICON_NAME = AppIcon;
				ASSETCATALOG_COMPILER_GLOBAL_ACCENT_COLOR_NAME = AccentColor;
				CODE_SIGN_STYLE = Automatic;
				CURRENT_PROJECT_VERSION = 1;
				DEVELOPMENT_ASSET_PATHS = "\"Scrumdinger/Preview Content\"";
				DEVELOPMENT_TEAM = Y5T6H54U42;
				ENABLE_PREVIEWS = YES;
				GENERATE_INFOPLIST_FILE = YES;
				INFOPLIST_KEY_UIApplicationSceneManifest_Generation = YES;
				INFOPLIST_KEY_UIApplicationSupportsIndirectInputEvents = YES;
				INFOPLIST_KEY_UILaunchScreen_Generation = YES;
				INFOPLIST_KEY_UISupportedInterfaceOrientations_iPad = "UIInterfaceOrientationPortrait UIInterfaceOrientationPortraitUpsideDown UIInterfaceOrientationLandscapeLeft UIInterfaceOrientationLandscapeRight";
				INFOPLIST_KEY_UISupportedInterfaceOrientations_iPhone = "UIInterfaceOrientationPortrait UIInterfaceOrientationLandscapeLeft UIInterfaceOrientationLandscapeRight";
				LD_RUNPATH_SEARCH_PATHS = (
					"$(inherited)",
					"@executable_path/Frameworks",
				);
				MARKETING_VERSION = 1.0;
				PRODUCT_BUNDLE_IDENTIFIER = com.mhelmeck.Scrumdinger;
				PRODUCT_NAME = "$(TARGET_NAME)";
				SWIFT_EMIT_LOC_STRINGS = YES;
				SWIFT_VERSION = 5.0;
				TARGETED_DEVICE_FAMILY = "1,2";
			};
			name = Release;
		};
/* End XCBuildConfiguration section */

/* Begin XCConfigurationList section */
		8995E1462C938F0600E7D8D5 /* Build configuration list for PBXProject "Scrumdinger" */ = {
			isa = XCConfigurationList;
			buildConfigurations = (
				8995E1572C938F0700E7D8D5 /* Debug */,
				8995E1582C938F0700E7D8D5 /* Release */,
			);
			defaultConfigurationIsVisible = 0;
			defaultConfigurationName = Release;
		};
		8995E1592C938F0700E7D8D5 /* Build configuration list for PBXNativeTarget "Scrumdinger" */ = {
			isa = XCConfigurationList;
			buildConfigurations = (
				8995E15A2C938F0700E7D8D5 /* Debug */,
				8995E15B2C938F0700E7D8D5 /* Release */,
			);
			defaultConfigurationIsVisible = 0;
			defaultConfigurationName = Release;
		};
/* End XCConfigurationList section */
	};
	rootObject = 8995E1432C938F0600E7D8D5 /* Project object */;
}
